
Microsoft Visual Studio Solution File, Format Version 12.00
# Visual Studio 2013
VisualStudioVersion = 12.0.31101.0
MinimumVisualStudioVersion = 10.0.40219.1
Project("{FAE04EC0-301F-11D3-BF4B-00C04F79EFBC}") = "FizzBuzzKeonna", "FizzBuzzKeonna\FizzBuzzKeonna.csproj", "{50FEFE9E-6FA1-43D9-9AB8-2E7297E92174}"
EndProject
Project("{FAE04EC0-301F-11D3-BF4B-00C04F79EFBC}") = "FizzBuzzKeonnaTest", "FizzBuzzKeonnaTest\FizzBuzzKeonnaTest.csproj", "{C4CAE8DD-BCC1-4BD0-8812-991737EA5D71}"
EndProject
Global
	GlobalSection(SolutionConfigurationPlatforms) = preSolution
		Debug|Any CPU = Debug|Any CPU
		Release|Any CPU = Release|Any CPU
	EndGlobalSection
	GlobalSection(ProjectConfigurationPlatforms) = postSolution
		{50FEFE9E-6FA1-43D9-9AB8-2E7297E92174}.Debug|Any CPU.ActiveCfg = Debug|Any CPU
		{50FEFE9E-6FA1-43D9-9AB8-2E7297E92174}.Debug|Any CPU.Build.0 = Debug|Any CPU
		{50FEFE9E-6FA1-43D9-9AB8-2E7297E92174}.Release|Any CPU.ActiveCfg = Release|Any CPU
		{50FEFE9E-6FA1-43D9-9AB8-2E7297E92174}.Release|Any CPU.Build.0 = Release|Any CPU
		{C4CAE8DD-BCC1-4BD0-8812-991737EA5D71}.Debug|Any CPU.ActiveCfg = Debug|Any CPU
		{C4CAE8DD-BCC1-4BD0-8812-991737EA5D71}.Debug|Any CPU.Build.0 = Debug|Any CPU
		{C4CAE8DD-BCC1-4BD0-8812-991737EA5D71}.Release|Any CPU.ActiveCfg = Release|Any CPU
		{C4CAE8DD-BCC1-4BD0-8812-991737EA5D71}.Release|Any CPU.Build.0 = Release|Any CPU
	EndGlobalSection
	GlobalSection(SolutionProperties) = preSolution
		HideSolutionNode = FALSE
	EndGlobalSection
EndGlobal
